
Microsoft Visual Studio Solution File, Format Version 12.00
# Visual Studio Version 17
VisualStudioVersion = 17.0.31903.59
MinimumVisualStudioVersion = 10.0.40219.1
Project("{2150E333-8FDC-42A3-9474-1A3956D46DE8}") = "src", "src", "{0C1DFD69-3EA7-4042-A285-22B329E6774C}"
EndProject
Project("{2150E333-8FDC-42A3-9474-1A3956D46DE8}") = "tests", "tests", "{A27191AF-EAEC-494C-B91F-88F9C59688DE}"
EndProject
Project("{FAE04EC0-301F-11D3-BF4B-00C04F79EFBC}") = "Utilities", "src\Utilities\Utilities.csproj", "{5E952CB0-2093-4637-AB1B-0894D508BAC1}"
EndProject
Project("{FAE04EC0-301F-11D3-BF4B-00C04F79EFBC}") = "Utilities.Tests", "tests\Utilities.Tests\Utilities.Tests.csproj", "{5B5B7E6F-AC4A-4B4A-B071-584815ECA465}"
EndProject
Project("{FAE04EC0-301F-11D3-BF4B-00C04F79EFBC}") = "ConsoleOutput", "src\ConsoleOutput\ConsoleOutput.csproj", "{16061121-0155-41A1-813E-8C5C54156785}"
EndProject
Global
	GlobalSection(SolutionConfigurationPlatforms) = preSolution
		Debug|Any CPU = Debug|Any CPU
		Release|Any CPU = Release|Any CPU
	EndGlobalSection
	GlobalSection(SolutionProperties) = preSolution
		HideSolutionNode = FALSE
	EndGlobalSection
	GlobalSection(ProjectConfigurationPlatforms) = postSolution
		{5E952CB0-2093-4637-AB1B-0894D508BAC1}.Debug|Any CPU.ActiveCfg = Debug|Any CPU
		{5E952CB0-2093-4637-AB1B-0894D508BAC1}.Debug|Any CPU.Build.0 = Debug|Any CPU
		{5E952CB0-2093-4637-AB1B-0894D508BAC1}.Release|Any CPU.ActiveCfg = Release|Any CPU
		{5E952CB0-2093-4637-AB1B-0894D508BAC1}.Release|Any CPU.Build.0 = Release|Any CPU
		{5B5B7E6F-AC4A-4B4A-B071-584815ECA465}.Debug|Any CPU.ActiveCfg = Debug|Any CPU
		{5B5B7E6F-AC4A-4B4A-B071-584815ECA465}.Debug|Any CPU.Build.0 = Debug|Any CPU
		{5B5B7E6F-AC4A-4B4A-B071-584815ECA465}.Release|Any CPU.ActiveCfg = Release|Any CPU
		{5B5B7E6F-AC4A-4B4A-B071-584815ECA465}.Release|Any CPU.Build.0 = Release|Any CPU
		{16061121-0155-41A1-813E-8C5C54156785}.Debug|Any CPU.ActiveCfg = Debug|Any CPU
		{16061121-0155-41A1-813E-8C5C54156785}.Debug|Any CPU.Build.0 = Debug|Any CPU
		{16061121-0155-41A1-813E-8C5C54156785}.Release|Any CPU.ActiveCfg = Release|Any CPU
		{16061121-0155-41A1-813E-8C5C54156785}.Release|Any CPU.Build.0 = Release|Any CPU
	EndGlobalSection
	GlobalSection(NestedProjects) = preSolution
		{5E952CB0-2093-4637-AB1B-0894D508BAC1} = {0C1DFD69-3EA7-4042-A285-22B329E6774C}
		{5B5B7E6F-AC4A-4B4A-B071-584815ECA465} = {A27191AF-EAEC-494C-B91F-88F9C59688DE}
		{16061121-0155-41A1-813E-8C5C54156785} = {0C1DFD69-3EA7-4042-A285-22B329E6774C}
	EndGlobalSection
EndGlobal
